
Microsoft Visual Studio Solution File, Format Version 12.00
# Visual Studio Version 16
VisualStudioVersion = 16.0.32228.343
MinimumVisualStudioVersion = 10.0.40219.1
Project("{FAE04EC0-301F-11D3-BF4B-00C04F79EFBC}") = "Agile09", "Agile09\Agile09.csproj", "{1F986E19-5154-42F6-AE7B-2CEF0B77D64D}"
EndProject
Global
	GlobalSection(SolutionConfigurationPlatforms) = preSolution
		Debug|Any CPU = Debug|Any CPU
		Release|Any CPU = Release|Any CPU
	EndGlobalSection
	GlobalSection(ProjectConfigurationPlatforms) = postSolution
		{1F986E19-5154-42F6-AE7B-2CEF0B77D64D}.Debug|Any CPU.ActiveCfg = Debug|Any CPU
		{1F986E19-5154-42F6-AE7B-2CEF0B77D64D}.Debug|Any CPU.Build.0 = Debug|Any CPU
		{1F986E19-5154-42F6-AE7B-2CEF0B77D64D}.Release|Any CPU.ActiveCfg = Release|Any CPU
		{1F986E19-5154-42F6-AE7B-2CEF0B77D64D}.Release|Any CPU.Build.0 = Release|Any CPU
	EndGlobalSection
	GlobalSection(SolutionProperties) = preSolution
		HideSolutionNode = FALSE
	EndGlobalSection
	GlobalSection(ExtensibilityGlobals) = postSolution
		SolutionGuid = {37061572-E5C8-42D9-ABF1-6424C2C066BA}
	EndGlobalSection
EndGlobal
